<?xml version="1.0" encoding="utf-8"?>
<Project ToolsVersion="4.0" xmlns="http://schemas.microsoft.com/developer/msbuild/2003">
  <ItemGroup>
    <ClCompile Include="Archer.cpp">
      <Filter>.cpp</Filter>
    </ClCompile>
    <ClCompile Include="Barbarian.cpp">
      <Filter>.cpp</Filter>
    </ClCompile>
    <ClCompile Include="Building.cpp">
      <Filter>.cpp</Filter>
    </ClCompile>
    <ClCompile Include="CameraData.cpp">
      <Filter>.cpp</Filter>
    </ClCompile>
    <ClCompile Include="CameraManager.cpp">
      <Filter>.cpp</Filter>
    </ClCompile>
    <ClCompile Include="CollisionComponent.cpp">
      <Filter>.cpp</Filter>
    </ClCompile>
    <ClCompile Include="Component.cpp">
      <Filter>.cpp</Filter>
    </ClCompile>
    <ClCompile Include="Entity.cpp">
      <Filter>.cpp</Filter>
    </ClCompile>
    <ClCompile Include="EntityManager.cpp">
      <Filter>.cpp</Filter>
    </ClCompile>
    <ClCompile Include="Farm.cpp">
      <Filter>.cpp</Filter>
    </ClCompile>
    <ClCompile Include="FontData.cpp">
      <Filter>.cpp</Filter>
    </ClCompile>
    <ClCompile Include="FontManager.cpp">
      <Filter>.cpp</Filter>
    </ClCompile>
    <ClCompile Include="Game.cpp">
      <Filter>.cpp</Filter>
    </ClCompile>
    <ClCompile Include="GameInstance.cpp">
      <Filter>.cpp</Filter>
    </ClCompile>
    <ClCompile Include="GameWindow.cpp">
      <Filter>.cpp</Filter>
    </ClCompile>
    <ClCompile Include="InputManager.cpp">
      <Filter>.cpp</Filter>
    </ClCompile>
    <ClCompile Include="Main.cpp">
      <Filter>.cpp</Filter>
    </ClCompile>
    <ClCompile Include="Map.cpp">
      <Filter>.cpp</Filter>
    </ClCompile>
    <ClCompile Include="MovementComponent.cpp">
      <Filter>.cpp</Filter>
    </ClCompile>
    <ClCompile Include="Player.cpp">
      <Filter>.cpp</Filter>
    </ClCompile>
    <ClCompile Include="Tavern.cpp">
      <Filter>.cpp</Filter>
    </ClCompile>
    <ClCompile Include="TextureData.cpp">
      <Filter>.cpp</Filter>
    </ClCompile>
    <ClCompile Include="TextureManager.cpp">
      <Filter>.cpp</Filter>
    </ClCompile>
    <ClCompile Include="Timer.cpp">
      <Filter>.cpp</Filter>
    </ClCompile>
    <ClCompile Include="TimerManager.cpp">
      <Filter>.cpp</Filter>
    </ClCompile>
    <ClCompile Include="Tour.cpp">
      <Filter>.cpp</Filter>
    </ClCompile>
    <ClCompile Include="TowerDefense.cpp">
      <Filter>.cpp</Filter>
    </ClCompile>
    <ClCompile Include="Trap.cpp">
      <Filter>.cpp</Filter>
    </ClCompile>
    <ClCompile Include="Troop.cpp">
      <Filter>.cpp</Filter>
    </ClCompile>
    <ClCompile Include="Village.cpp">
      <Filter>.cpp</Filter>
    </ClCompile>
    <ClCompile Include="Removable.cpp">
      <Filter>.cpp</Filter>
    </ClCompile>
    <ClCompile Include="Grass.cpp">
      <Filter>.cpp</Filter>
    </ClCompile>
    <ClCompile Include="MovingEntity.cpp">
      <Filter>.cpp</Filter>
    </ClCompile>
    <ClCompile Include="Path.cpp">
      <Filter>.cpp</Filter>
    </ClCompile>
    <ClCompile Include="Rock.cpp">
      <Filter>.cpp</Filter>
    </ClCompile>
    <ClCompile Include="Tree.cpp">
      <Filter>.cpp</Filter>
    </ClCompile>
    <ClCompile Include="FileManager.cpp">
      <Filter>.cpp</Filter>
    </ClCompile>
    <ClCompile Include="Hero.cpp">
      <Filter>.cpp</Filter>
    </ClCompile>
    <ClCompile Include="Spawner.cpp">
      <Filter>.cpp</Filter>
    </ClCompile>
    <ClCompile Include="Casern.cpp">
      <Filter>.cpp</Filter>
    </ClCompile>
    <ClCompile Include="Castle.cpp">
      <Filter>.cpp</Filter>
    </ClCompile>
    <ClCompile Include="Fence.cpp">
      <Filter>.cpp</Filter>
    </ClCompile>
    <ClCompile Include="MapManager.cpp">
      <Filter>.cpp</Filter>
    </ClCompile>
  </ItemGroup>
  <ItemGroup>
    <ClInclude Include="Archer.h">
      <Filter>.h</Filter>
    </ClInclude>
    <ClInclude Include="Barbarian.h">
      <Filter>.h</Filter>
    </ClInclude>
    <ClInclude Include="Building.h">
      <Filter>.h</Filter>
    </ClInclude>
    <ClInclude Include="CameraData.h">
      <Filter>.h</Filter>
    </ClInclude>
    <ClInclude Include="CameraManager.h">
      <Filter>.h</Filter>
    </ClInclude>
    <ClInclude Include="CollisionComponent.h">
      <Filter>.h</Filter>
    </ClInclude>
    <ClInclude Include="Component.h">
      <Filter>.h</Filter>
    </ClInclude>
    <ClInclude Include="Entity.h">
      <Filter>.h</Filter>
    </ClInclude>
    <ClInclude Include="EntityManager.h">
      <Filter>.h</Filter>
    </ClInclude>
    <ClInclude Include="EntityType.h">
      <Filter>.h</Filter>
    </ClInclude>
    <ClInclude Include="Farm.h">
      <Filter>.h</Filter>
    </ClInclude>
    <ClInclude Include="FontData.h">
      <Filter>.h</Filter>
    </ClInclude>
    <ClInclude Include="FontManager.h">
      <Filter>.h</Filter>
    </ClInclude>
    <ClInclude Include="Game.h">
      <Filter>.h</Filter>
    </ClInclude>
    <ClInclude Include="GameInstance.h">
      <Filter>.h</Filter>
    </ClInclude>
    <ClInclude Include="GameWindow.h">
      <Filter>.h</Filter>
    </ClInclude>
    <ClInclude Include="IManagable.h">
      <Filter>.h</Filter>
    </ClInclude>
    <ClInclude Include="IManager.h">
      <Filter>.h</Filter>
    </ClInclude>
    <ClInclude Include="InputManager.h">
      <Filter>.h</Filter>
    </ClInclude>
    <ClInclude Include="Macro.h">
      <Filter>.h</Filter>
    </ClInclude>
    <ClInclude Include="Map.h">
      <Filter>.h</Filter>
    </ClInclude>
    <ClInclude Include="Player.h">
      <Filter>.h</Filter>
    </ClInclude>
    <ClInclude Include="Singleton.h">
      <Filter>.h</Filter>
    </ClInclude>
    <ClInclude Include="Tavern.h">
      <Filter>.h</Filter>
    </ClInclude>
    <ClInclude Include="TextureData.h">
      <Filter>.h</Filter>
    </ClInclude>
    <ClInclude Include="TextureManager.h">
      <Filter>.h</Filter>
    </ClInclude>
    <ClInclude Include="Timer.h">
      <Filter>.h</Filter>
    </ClInclude>
    <ClInclude Include="TimerManager.h">
      <Filter>.h</Filter>
    </ClInclude>
    <ClInclude Include="Tour.h">
      <Filter>.h</Filter>
    </ClInclude>
    <ClInclude Include="TowerDefense.h">
      <Filter>.h</Filter>
    </ClInclude>
    <ClInclude Include="Trap.h">
      <Filter>.h</Filter>
    </ClInclude>
    <ClInclude Include="Troop.h">
      <Filter>.h</Filter>
    </ClInclude>
    <ClInclude Include="Village.h">
      <Filter>.h</Filter>
    </ClInclude>
    <ClInclude Include="MovementComponent.h">
      <Filter>.h</Filter>
    </ClInclude>
    <ClInclude Include="MovingEntity.h">
      <Filter>.h</Filter>
    </ClInclude>
    <ClInclude Include="Removable.h">
      <Filter>.h</Filter>
    </ClInclude>
    <ClInclude Include="Grass.h">
      <Filter>.h</Filter>
    </ClInclude>
    <ClInclude Include="Path.h">
      <Filter>.h</Filter>
    </ClInclude>
    <ClInclude Include="Rock.h">
      <Filter>.h</Filter>
    </ClInclude>
    <ClInclude Include="Tree.h">
      <Filter>.h</Filter>
    </ClInclude>
    <ClInclude Include="FileManager.h">
      <Filter>.h</Filter>
    </ClInclude>
    <ClInclude Include="Hero.h">
      <Filter>.h</Filter>
    </ClInclude>
    <ClInclude Include="Spawner.h">
      <Filter>.h</Filter>
    </ClInclude>
    <ClInclude Include="Casern.h">
      <Filter>.h</Filter>
    </ClInclude>
    <ClInclude Include="Castle.h">
      <Filter>.h</Filter>
    </ClInclude>
    <ClInclude Include="Fence.h">
      <Filter>.h</Filter>
    </ClInclude>
    <ClInclude Include="MapManager.h">
      <Filter>.h</Filter>
    </ClInclude>
  </ItemGroup>
  <ItemGroup>
    <Filter Include=".h">
      <UniqueIdentifier>{45270434-4888-47a7-9cc4-13377905963f}</UniqueIdentifier>
    </Filter>
    <Filter Include=".cpp">
      <UniqueIdentifier>{fa0e9819-0f5f-43d8-a905-424f688ff824}</UniqueIdentifier>
    </Filter>
  </ItemGroup>
</Project>